// !$*UTF8*$!
{
	archiveVersion = 1;
	classes = {
	};
	objectVersion = 46;
	objects = {

/* Begin PBXBuildFile section */
		0B143C54192130CC006A9169 /* DCProfileViewController.m in Sources */ = {isa = PBXBuildFile; fileRef = 0B143C53192130CC006A9169 /* DCProfileViewController.m */; };
		0B39E54B18CA45D600820716 /* TLAlertView.m in Sources */ = {isa = PBXBuildFile; fileRef = 0B39E54A18CA45D600820716 /* TLAlertView.m */; };
		0B535AE71896D14A007CB773 /* DCConfigs.m in Sources */ = {isa = PBXBuildFile; fileRef = 0B535AE61896D14A007CB773 /* DCConfigs.m */; };
		0B535B231896D8FA007CB773 /* ip.txt in Resources */ = {isa = PBXBuildFile; fileRef = 0B535B221896D8FA007CB773 /* ip.txt */; };
		0BD2E2A81899663F00B78E51 /* (null) in Sources */ = {isa = PBXBuildFile; };
		0BD2E2AB1899700800B78E51 /* DCPosto.m in Sources */ = {isa = PBXBuildFile; fileRef = 0BD2E2AA1899700800B78E51 /* DCPosto.m */; };
		8D1724AB18ABF4DA00E18006 /* you-make-me-hurt.png in Resources */ = {isa = PBXBuildFile; fileRef = 8D1724AA18ABF4DA00E18006 /* you-make-me-hurt.png */; };
		8D18E5B8189FF726003466C6 /* home_ico_dica_carro.png in Resources */ = {isa = PBXBuildFile; fileRef = 8D18E5B7189FF726003466C6 /* home_ico_dica_carro.png */; };
		8D2F94E418A2A89A000448EC /* MessageUI.framework in Frameworks */ = {isa = PBXBuildFile; fileRef = 8D2F94E318A2A89A000448EC /* MessageUI.framework */; };
		8D3C1D6118996E2500FED19E /* DCMapasViewController.m in Sources */ = {isa = PBXBuildFile; fileRef = 8D3C1D6018996E2500FED19E /* DCMapasViewController.m */; };
		8D6D4F9818CA42B7007C361C /* DCNovoHospitalViewController.m in Sources */ = {isa = PBXBuildFile; fileRef = 8D6D4F9718CA42B7007C361C /* DCNovoHospitalViewController.m */; };
		8D9AC568190807F500377B75 /* DCConfirmaViewController.m in Sources */ = {isa = PBXBuildFile; fileRef = 8D9AC567190807F500377B75 /* DCConfirmaViewController.m */; };
		8DAAD2E418A511120064683F /* Icon-settings.png in Resources */ = {isa = PBXBuildFile; fileRef = 8DAAD2E318A511120064683F /* Icon-settings.png */; };
		8DAAD2EE18A515690064683F /* Icon.png in Resources */ = {isa = PBXBuildFile; fileRef = 8DAAD2ED18A515690064683F /* Icon.png */; };
		8DACCB82191C02070026D75D /* LeftMenuViewController.m in Sources */ = {isa = PBXBuildFile; fileRef = 8DACCB77191C02070026D75D /* LeftMenuViewController.m */; };
		8DACCB83191C02070026D75D /* RightMenuViewController.m in Sources */ = {isa = PBXBuildFile; fileRef = 8DACCB79191C02070026D75D /* RightMenuViewController.m */; };
		8DACCB84191C02070026D75D /* HomeViewController.m in Sources */ = {isa = PBXBuildFile; fileRef = 8DACCB7B191C02070026D75D /* HomeViewController.m */; };
		8DACCB85191C02070026D75D /* FriendsViewController.m in Sources */ = {isa = PBXBuildFile; fileRef = 8DACCB7D191C02070026D75D /* FriendsViewController.m */; };
		8DACCB86191C02070026D75D /* ProfileViewController.m in Sources */ = {isa = PBXBuildFile; fileRef = 8DACCB7F191C02070026D75D /* ProfileViewController.m */; };
		8DACCB87191C02070026D75D /* ProfileDetailViewController.m in Sources */ = {isa = PBXBuildFile; fileRef = 8DACCB81191C02070026D75D /* ProfileDetailViewController.m */; };
		8DACCB94191C02400026D75D /* SlideNavigationContorllerAnimatorSlide.m in Sources */ = {isa = PBXBuildFile; fileRef = 8DACCB8A191C02400026D75D /* SlideNavigationContorllerAnimatorSlide.m */; };
		8DACCB95191C02400026D75D /* SlideNavigationContorllerAnimatorFade.m in Sources */ = {isa = PBXBuildFile; fileRef = 8DACCB8C191C02400026D75D /* SlideNavigationContorllerAnimatorFade.m */; };
		8DACCB96191C02400026D75D /* SlideNavigationContorllerAnimatorSlideAndFade.m in Sources */ = {isa = PBXBuildFile; fileRef = 8DACCB8E191C02400026D75D /* SlideNavigationContorllerAnimatorSlideAndFade.m */; };
		8DACCB97191C02400026D75D /* SlideNavigationContorllerAnimatorScale.m in Sources */ = {isa = PBXBuildFile; fileRef = 8DACCB90191C02400026D75D /* SlideNavigationContorllerAnimatorScale.m */; };
		8DACCB98191C02400026D75D /* SlideNavigationContorllerAnimatorScaleAndFade.m in Sources */ = {isa = PBXBuildFile; fileRef = 8DACCB92191C02400026D75D /* SlideNavigationContorllerAnimatorScaleAndFade.m */; };
		8DACCB9C191C025F0026D75D /* SlideNavigationController.m in Sources */ = {isa = PBXBuildFile; fileRef = 8DACCB9B191C025F0026D75D /* SlideNavigationController.m */; };
		8DACCBA4191C171E0026D75D /* DCLeftMenuViewController.m in Sources */ = {isa = PBXBuildFile; fileRef = 8DACCBA3191C171E0026D75D /* DCLeftMenuViewController.m */; };
		8DACCBA6191C189F0026D75D /* leftMenu.jpg in Resources */ = {isa = PBXBuildFile; fileRef = 8DACCBA5191C189F0026D75D /* leftMenu.jpg */; };
		8DAF3A9F19214E1E00205907 /* DCNumerosViewController.m in Sources */ = {isa = PBXBuildFile; fileRef = 8DAF3A9E19214E1E00205907 /* DCNumerosViewController.m */; };
		8DAF3AA51922887200205907 /* validar.png in Resources */ = {isa = PBXBuildFile; fileRef = 8DAF3AA41922887200205907 /* validar.png */; };
		8DAF3AAC1922AA8300205907 /* background.png in Resources */ = {isa = PBXBuildFile; fileRef = 8DAF3AAB1922AA8300205907 /* background.png */; };
		8DAF3AAE1922B03000205907 /* ambulancia.png in Resources */ = {isa = PBXBuildFile; fileRef = 8DAF3AAD1922B03000205907 /* ambulancia.png */; };
		8DAF3AB21922B47F00205907 /* taxi.png in Resources */ = {isa = PBXBuildFile; fileRef = 8DAF3AB11922B47F00205907 /* taxi.png */; };
		8DAF3ACA1925394D00205907 /* ambulancia2.png in Resources */ = {isa = PBXBuildFile; fileRef = 8DAF3AC61925394D00205907 /* ambulancia2.png */; };
		8DAF3ACB1925394D00205907 /* clipboard.png in Resources */ = {isa = PBXBuildFile; fileRef = 8DAF3AC71925394D00205907 /* clipboard.png */; };
		8DAF3ACC1925394D00205907 /* contact.png in Resources */ = {isa = PBXBuildFile; fileRef = 8DAF3AC81925394D00205907 /* contact.png */; };
		8DAF3ACD1925394D00205907 /* phone.png in Resources */ = {isa = PBXBuildFile; fileRef = 8DAF3AC91925394D00205907 /* phone.png */; };
		8DAF3ACF1925397500205907 /* hospital.png in Resources */ = {isa = PBXBuildFile; fileRef = 8DAF3ACE1925397500205907 /* hospital.png */; };
		8DAF3AD6192BBD5100205907 /* first_run.png in Resources */ = {isa = PBXBuildFile; fileRef = 8DAF3AD5192BBD5100205907 /* first_run.png */; };
		8DAF3ADA192BD69600205907 /* first_run-2.png in Resources */ = {isa = PBXBuildFile; fileRef = 8DAF3AD9192BD69600205907 /* first_run-2.png */; };
		8DAF3ADC192BE38800205907 /* power.png in Resources */ = {isa = PBXBuildFile; fileRef = 8DAF3ADB192BE38800205907 /* power.png */; };
		8DB3C587191A9C4F003E2719 /* Reachability.m in Sources */ = {isa = PBXBuildFile; fileRef = 8DB3C586191A9C4F003E2719 /* Reachability.m */; };
		8DB3C58F191AA99D003E2719 /* QuartzCore.framework in Frameworks */ = {isa = PBXBuildFile; fileRef = 8DB3C58E191AA99D003E2719 /* QuartzCore.framework */; };
		8DC070B8191969CD00A65B01 /* SystemConfiguration.framework in Frameworks */ = {isa = PBXBuildFile; fileRef = 8DC070B7191969CD00A65B01 /* SystemConfiguration.framework */; };
		8DDA2CA118AA98B600EE6295 /* teste.png in Resources */ = {isa = PBXBuildFile; fileRef = 8DDA2CA018AA98B500EE6295 /* teste.png */; };
		B11E6031192D31C700D9D855 /* fireman.png in Resources */ = {isa = PBXBuildFile; fileRef = B11E6030192D31C700D9D855 /* fireman.png */; };
		B11E6033192D31CF00D9D855 /* police.png in Resources */ = {isa = PBXBuildFile; fileRef = B11E6032192D31CF00D9D855 /* police.png */; };
		B11E6035192D339400D9D855 /* picture-512.png in Resources */ = {isa = PBXBuildFile; fileRef = B11E6034192D339400D9D855 /* picture-512.png */; };
		B11E6037192D33D400D9D855 /* user_male3-512.png in Resources */ = {isa = PBXBuildFile; fileRef = B11E6036192D33D400D9D855 /* user_male3-512.png */; };
		B132D9A8192BDC03008B5180 /* callout.png in Resources */ = {isa = PBXBuildFile; fileRef = B132D9A7192BDC03008B5180 /* callout.png */; };
		B132D9AB192D0C4C008B5180 /* DCCustomCallout.m in Sources */ = {isa = PBXBuildFile; fileRef = B132D9AA192D0C4C008B5180 /* DCCustomCallout.m */; };
		B167467918B67EAD0063E631 /* KeychainItemWrapper.m in Sources */ = {isa = PBXBuildFile; fileRef = B167467818B67EAD0063E631 /* KeychainItemWrapper.m */; settings = {COMPILER_FLAGS = "-fno-objc-arc"; }; };
		B185CA1D18A157E000EE2CCE /* DCContatosViewController.m in Sources */ = {isa = PBXBuildFile; fileRef = B185CA1C18A157E000EE2CCE /* DCContatosViewController.m */; };
		B185CA2018A15BC800EE2CCE /* DCContatos.m in Sources */ = {isa = PBXBuildFile; fileRef = B185CA1F18A15BC800EE2CCE /* DCContatos.m */; };
		B185CA2318A29CAC00EE2CCE /* DCNovoContatoViewController.m in Sources */ = {isa = PBXBuildFile; fileRef = B185CA2218A29CAC00EE2CCE /* DCNovoContatoViewController.m */; };
		B1E3BF6919229A1B00FD10BF /* detail.png in Resources */ = {isa = PBXBuildFile; fileRef = B1E3BF6819229A1B00FD10BF /* detail.png */; };
		B1E3BF6F19253E5B00FD10BF /* DCDetalhesHospitalTableViewController.m in Sources */ = {isa = PBXBuildFile; fileRef = B1E3BF6E19253E5B00FD10BF /* DCDetalhesHospitalTableViewController.m */; };
		DDA969391892C43F00CBAB0D /* DCEmergenciaViewController.m in Sources */ = {isa = PBXBuildFile; fileRef = DDA969381892C43F00CBAB0D /* DCEmergenciaViewController.m */; };
		DDA9693C1892C8A600CBAB0D /* DCAtendimentoEmergenciaViewController.m in Sources */ = {isa = PBXBuildFile; fileRef = DDA9693B1892C8A600CBAB0D /* DCAtendimentoEmergenciaViewController.m */; };
		DDA969401896BA1E00CBAB0D /* DCEmergencia.m in Sources */ = {isa = PBXBuildFile; fileRef = DDA9693F1896BA1E00CBAB0D /* DCEmergencia.m */; };
		DDC969C61891742B00A3CEC7 /* Foundation.framework in Frameworks */ = {isa = PBXBuildFile; fileRef = DDC969C51891742B00A3CEC7 /* Foundation.framework */; };
		DDC969C81891742B00A3CEC7 /* CoreGraphics.framework in Frameworks */ = {isa = PBXBuildFile; fileRef = DDC969C71891742B00A3CEC7 /* CoreGraphics.framework */; };
		DDC969CA1891742B00A3CEC7 /* UIKit.framework in Frameworks */ = {isa = PBXBuildFile; fileRef = DDC969C91891742B00A3CEC7 /* UIKit.framework */; };
		DDC969D01891742B00A3CEC7 /* InfoPlist.strings in Resources */ = {isa = PBXBuildFile; fileRef = DDC969CE1891742B00A3CEC7 /* InfoPlist.strings */; };
		DDC969D21891742B00A3CEC7 /* main.m in Sources */ = {isa = PBXBuildFile; fileRef = DDC969D11891742B00A3CEC7 /* main.m */; };
		DDC969D61891742B00A3CEC7 /* DCAppDelegate.m in Sources */ = {isa = PBXBuildFile; fileRef = DDC969D51891742B00A3CEC7 /* DCAppDelegate.m */; };
		DDC969D91891742B00A3CEC7 /* Main.storyboard in Resources */ = {isa = PBXBuildFile; fileRef = DDC969D71891742B00A3CEC7 /* Main.storyboard */; };
		DDC969DC1891742B00A3CEC7 /* DCLoginViewController.m in Sources */ = {isa = PBXBuildFile; fileRef = DDC969DB1891742B00A3CEC7 /* DCLoginViewController.m */; };
		DDC969DE1891742B00A3CEC7 /* Images.xcassets in Resources */ = {isa = PBXBuildFile; fileRef = DDC969DD1891742B00A3CEC7 /* Images.xcassets */; };
		DDC969E51891742B00A3CEC7 /* XCTest.framework in Frameworks */ = {isa = PBXBuildFile; fileRef = DDC969E41891742B00A3CEC7 /* XCTest.framework */; };
		DDC969E61891742B00A3CEC7 /* Foundation.framework in Frameworks */ = {isa = PBXBuildFile; fileRef = DDC969C51891742B00A3CEC7 /* Foundation.framework */; };
		DDC969E71891742B00A3CEC7 /* UIKit.framework in Frameworks */ = {isa = PBXBuildFile; fileRef = DDC969C91891742B00A3CEC7 /* UIKit.framework */; };
		DDC969EF1891742B00A3CEC7 /* InfoPlist.strings in Resources */ = {isa = PBXBuildFile; fileRef = DDC969ED1891742B00A3CEC7 /* InfoPlist.strings */; };
		DDC969F11891742B00A3CEC7 /* DoacoesTests.m in Sources */ = {isa = PBXBuildFile; fileRef = DDC969F01891742B00A3CEC7 /* DoacoesTests.m */; };
		DDC969FC18917C7D00A3CEC7 /* DCCadastroViewController.m in Sources */ = {isa = PBXBuildFile; fileRef = DDC969FB18917C7D00A3CEC7 /* DCCadastroViewController.m */; };
		DDC969FF18917CB600A3CEC7 /* DCInicialViewController.m in Sources */ = {isa = PBXBuildFile; fileRef = DDC969FE18917CB600A3CEC7 /* DCInicialViewController.m */; };
		DDC96A02189181BB00A3CEC7 /* MapKit.framework in Frameworks */ = {isa = PBXBuildFile; fileRef = DDC96A01189181BB00A3CEC7 /* MapKit.framework */; };
/* End PBXBuildFile section */

/* Begin PBXContainerItemProxy section */
		DDC969E81891742B00A3CEC7 /* PBXContainerItemProxy */ = {
			isa = PBXContainerItemProxy;
			containerPortal = DDC969BA1891742B00A3CEC7 /* Project object */;
			proxyType = 1;
			remoteGlobalIDString = DDC969C11891742B00A3CEC7;
			remoteInfo = Doacoes;
		};
/* End PBXContainerItemProxy section */

/* Begin PBXFileReference section */
		0B143C52192130CC006A9169 /* DCProfileViewController.h */ = {isa = PBXFileReference; fileEncoding = 4; lastKnownFileType = sourcecode.c.h; path = DCProfileViewController.h; sourceTree = "<group>"; };
		0B143C53192130CC006A9169 /* DCProfileViewController.m */ = {isa = PBXFileReference; fileEncoding = 4; lastKnownFileType = sourcecode.c.objc; path = DCProfileViewController.m; sourceTree = "<group>"; };
		0B39E54918CA45D600820716 /* TLAlertView.h */ = {isa = PBXFileReference; fileEncoding = 4; lastKnownFileType = sourcecode.c.h; path = TLAlertView.h; sourceTree = "<group>"; };
		0B39E54A18CA45D600820716 /* TLAlertView.m */ = {isa = PBXFileReference; fileEncoding = 4; lastKnownFileType = sourcecode.c.objc; path = TLAlertView.m; sourceTree = "<group>"; };
		0B535AE51896D14A007CB773 /* DCConfigs.h */ = {isa = PBXFileReference; fileEncoding = 4; lastKnownFileType = sourcecode.c.h; path = DCConfigs.h; sourceTree = "<group>"; };
		0B535AE61896D14A007CB773 /* DCConfigs.m */ = {isa = PBXFileReference; fileEncoding = 4; lastKnownFileType = sourcecode.c.objc; path = DCConfigs.m; sourceTree = "<group>"; };
		0B535B221896D8FA007CB773 /* ip.txt */ = {isa = PBXFileReference; fileEncoding = 4; lastKnownFileType = text; path = ip.txt; sourceTree = "<group>"; };
		0BD2E2A91899700800B78E51 /* DCPosto.h */ = {isa = PBXFileReference; fileEncoding = 4; lastKnownFileType = sourcecode.c.h; path = DCPosto.h; sourceTree = "<group>"; };
		0BD2E2AA1899700800B78E51 /* DCPosto.m */ = {isa = PBXFileReference; fileEncoding = 4; lastKnownFileType = sourcecode.c.objc; path = DCPosto.m; sourceTree = "<group>"; };
		8D1724AA18ABF4DA00E18006 /* you-make-me-hurt.png */ = {isa = PBXFileReference; lastKnownFileType = image.png; path = "you-make-me-hurt.png"; sourceTree = "<group>"; };
		8D18E5B7189FF726003466C6 /* home_ico_dica_carro.png */ = {isa = PBXFileReference; lastKnownFileType = image.png; path = home_ico_dica_carro.png; sourceTree = "<group>"; };
		8D2F94E318A2A89A000448EC /* MessageUI.framework */ = {isa = PBXFileReference; lastKnownFileType = wrapper.framework; name = MessageUI.framework; path = System/Library/Frameworks/MessageUI.framework; sourceTree = SDKROOT; };
		8D3C1D5F18996E2500FED19E /* DCMapasViewController.h */ = {isa = PBXFileReference; fileEncoding = 4; lastKnownFileType = sourcecode.c.h; path = DCMapasViewController.h; sourceTree = "<group>"; };
		8D3C1D6018996E2500FED19E /* DCMapasViewController.m */ = {isa = PBXFileReference; fileEncoding = 4; lastKnownFileType = sourcecode.c.objc; path = DCMapasViewController.m; sourceTree = "<group>"; };
		8D6D4F9618CA42B7007C361C /* DCNovoHospitalViewController.h */ = {isa = PBXFileReference; fileEncoding = 4; lastKnownFileType = sourcecode.c.h; path = DCNovoHospitalViewController.h; sourceTree = "<group>"; };
		8D6D4F9718CA42B7007C361C /* DCNovoHospitalViewController.m */ = {isa = PBXFileReference; fileEncoding = 4; lastKnownFileType = sourcecode.c.objc; path = DCNovoHospitalViewController.m; sourceTree = "<group>"; };
		8D9AC566190807F500377B75 /* DCConfirmaViewController.h */ = {isa = PBXFileReference; fileEncoding = 4; lastKnownFileType = sourcecode.c.h; path = DCConfirmaViewController.h; sourceTree = "<group>"; };
		8D9AC567190807F500377B75 /* DCConfirmaViewController.m */ = {isa = PBXFileReference; fileEncoding = 4; lastKnownFileType = sourcecode.c.objc; path = DCConfirmaViewController.m; sourceTree = "<group>"; };
		8DAAD2E318A511120064683F /* Icon-settings.png */ = {isa = PBXFileReference; lastKnownFileType = image.png; path = "Icon-settings.png"; sourceTree = "<group>"; };
		8DAAD2ED18A515690064683F /* Icon.png */ = {isa = PBXFileReference; lastKnownFileType = image.png; path = Icon.png; sourceTree = "<group>"; };
		8DACCB76191C02070026D75D /* LeftMenuViewController.h */ = {isa = PBXFileReference; fileEncoding = 4; lastKnownFileType = sourcecode.c.h; path = LeftMenuViewController.h; sourceTree = "<group>"; };
		8DACCB77191C02070026D75D /* LeftMenuViewController.m */ = {isa = PBXFileReference; fileEncoding = 4; lastKnownFileType = sourcecode.c.objc; path = LeftMenuViewController.m; sourceTree = "<group>"; };
		8DACCB78191C02070026D75D /* RightMenuViewController.h */ = {isa = PBXFileReference; fileEncoding = 4; lastKnownFileType = sourcecode.c.h; path = RightMenuViewController.h; sourceTree = "<group>"; };
		8DACCB79191C02070026D75D /* RightMenuViewController.m */ = {isa = PBXFileReference; fileEncoding = 4; lastKnownFileType = sourcecode.c.objc; path = RightMenuViewController.m; sourceTree = "<group>"; };
		8DACCB7A191C02070026D75D /* HomeViewController.h */ = {isa = PBXFileReference; fileEncoding = 4; lastKnownFileType = sourcecode.c.h; path = HomeViewController.h; sourceTree = "<group>"; };
		8DACCB7B191C02070026D75D /* HomeViewController.m */ = {isa = PBXFileReference; fileEncoding = 4; lastKnownFileType = sourcecode.c.objc; path = HomeViewController.m; sourceTree = "<group>"; };
		8DACCB7C191C02070026D75D /* FriendsViewController.h */ = {isa = PBXFileReference; fileEncoding = 4; lastKnownFileType = sourcecode.c.h; path = FriendsViewController.h; sourceTree = "<group>"; };
		8DACCB7D191C02070026D75D /* FriendsViewController.m */ = {isa = PBXFileReference; fileEncoding = 4; lastKnownFileType = sourcecode.c.objc; path = FriendsViewController.m; sourceTree = "<group>"; };
		8DACCB7E191C02070026D75D /* ProfileViewController.h */ = {isa = PBXFileReference; fileEncoding = 4; lastKnownFileType = sourcecode.c.h; path = ProfileViewController.h; sourceTree = "<group>"; };
		8DACCB7F191C02070026D75D /* ProfileViewController.m */ = {isa = PBXFileReference; fileEncoding = 4; lastKnownFileType = sourcecode.c.objc; path = ProfileViewController.m; sourceTree = "<group>"; };
		8DACCB80191C02070026D75D /* ProfileDetailViewController.h */ = {isa = PBXFileReference; fileEncoding = 4; lastKnownFileType = sourcecode.c.h; path = ProfileDetailViewController.h; sourceTree = "<group>"; };
		8DACCB81191C02070026D75D /* ProfileDetailViewController.m */ = {isa = PBXFileReference; fileEncoding = 4; lastKnownFileType = sourcecode.c.objc; path = ProfileDetailViewController.m; sourceTree = "<group>"; };
		8DACCB89191C02400026D75D /* SlideNavigationContorllerAnimatorSlide.h */ = {isa = PBXFileReference; fileEncoding = 4; lastKnownFileType = sourcecode.c.h; path = SlideNavigationContorllerAnimatorSlide.h; sourceTree = "<group>"; };
		8DACCB8A191C02400026D75D /* SlideNavigationContorllerAnimatorSlide.m */ = {isa = PBXFileReference; fileEncoding = 4; lastKnownFileType = sourcecode.c.objc; path = SlideNavigationContorllerAnimatorSlide.m; sourceTree = "<group>"; };
		8DACCB8B191C02400026D75D /* SlideNavigationContorllerAnimatorFade.h */ = {isa = PBXFileReference; fileEncoding = 4; lastKnownFileType = sourcecode.c.h; path = SlideNavigationContorllerAnimatorFade.h; sourceTree = "<group>"; };
		8DACCB8C191C02400026D75D /* SlideNavigationContorllerAnimatorFade.m */ = {isa = PBXFileReference; fileEncoding = 4; lastKnownFileType = sourcecode.c.objc; path = SlideNavigationContorllerAnimatorFade.m; sourceTree = "<group>"; };
		8DACCB8D191C02400026D75D /* SlideNavigationContorllerAnimatorSlideAndFade.h */ = {isa = PBXFileReference; fileEncoding = 4; lastKnownFileType = sourcecode.c.h; path = SlideNavigationContorllerAnimatorSlideAndFade.h; sourceTree = "<group>"; };
		8DACCB8E191C02400026D75D /* SlideNavigationContorllerAnimatorSlideAndFade.m */ = {isa = PBXFileReference; fileEncoding = 4; lastKnownFileType = sourcecode.c.objc; path = SlideNavigationContorllerAnimatorSlideAndFade.m; sourceTree = "<group>"; };
		8DACCB8F191C02400026D75D /* SlideNavigationContorllerAnimatorScale.h */ = {isa = PBXFileReference; fileEncoding = 4; lastKnownFileType = sourcecode.c.h; path = SlideNavigationContorllerAnimatorScale.h; sourceTree = "<group>"; };
		8DACCB90191C02400026D75D /* SlideNavigationContorllerAnimatorScale.m */ = {isa = PBXFileReference; fileEncoding = 4; lastKnownFileType = sourcecode.c.objc; path = SlideNavigationContorllerAnimatorScale.m; sourceTree = "<group>"; };
		8DACCB91191C02400026D75D /* SlideNavigationContorllerAnimatorScaleAndFade.h */ = {isa = PBXFileReference; fileEncoding = 4; lastKnownFileType = sourcecode.c.h; path = SlideNavigationContorllerAnimatorScaleAndFade.h; sourceTree = "<group>"; };
		8DACCB92191C02400026D75D /* SlideNavigationContorllerAnimatorScaleAndFade.m */ = {isa = PBXFileReference; fileEncoding = 4; lastKnownFileType = sourcecode.c.objc; path = SlideNavigationContorllerAnimatorScaleAndFade.m; sourceTree = "<group>"; };
		8DACCB93191C02400026D75D /* SlideNavigationContorllerAnimator.h */ = {isa = PBXFileReference; fileEncoding = 4; lastKnownFileType = sourcecode.c.h; path = SlideNavigationContorllerAnimator.h; sourceTree = "<group>"; };
		8DACCB9A191C025F0026D75D /* SlideNavigationController.h */ = {isa = PBXFileReference; fileEncoding = 4; lastKnownFileType = sourcecode.c.h; path = SlideNavigationController.h; sourceTree = "<group>"; };
		8DACCB9B191C025F0026D75D /* SlideNavigationController.m */ = {isa = PBXFileReference; fileEncoding = 4; lastKnownFileType = sourcecode.c.objc; path = SlideNavigationController.m; sourceTree = "<group>"; };
		8DACCBA2191C171E0026D75D /* DCLeftMenuViewController.h */ = {isa = PBXFileReference; fileEncoding = 4; lastKnownFileType = sourcecode.c.h; path = DCLeftMenuViewController.h; sourceTree = "<group>"; };
		8DACCBA3191C171E0026D75D /* DCLeftMenuViewController.m */ = {isa = PBXFileReference; fileEncoding = 4; lastKnownFileType = sourcecode.c.objc; path = DCLeftMenuViewController.m; sourceTree = "<group>"; };
		8DACCBA5191C189F0026D75D /* leftMenu.jpg */ = {isa = PBXFileReference; lastKnownFileType = image.jpeg; path = leftMenu.jpg; sourceTree = "<group>"; };
		8DAF3A9D19214E1E00205907 /* DCNumerosViewController.h */ = {isa = PBXFileReference; fileEncoding = 4; lastKnownFileType = sourcecode.c.h; path = DCNumerosViewController.h; sourceTree = "<group>"; };
		8DAF3A9E19214E1E00205907 /* DCNumerosViewController.m */ = {isa = PBXFileReference; fileEncoding = 4; lastKnownFileType = sourcecode.c.objc; path = DCNumerosViewController.m; sourceTree = "<group>"; };
		8DAF3AA41922887200205907 /* validar.png */ = {isa = PBXFileReference; lastKnownFileType = image.png; path = validar.png; sourceTree = "<group>"; };
		8DAF3AAB1922AA8300205907 /* background.png */ = {isa = PBXFileReference; lastKnownFileType = image.png; path = background.png; sourceTree = "<group>"; };
		8DAF3AAD1922B03000205907 /* ambulancia.png */ = {isa = PBXFileReference; lastKnownFileType = image.png; path = ambulancia.png; sourceTree = "<group>"; };
		8DAF3AB11922B47F00205907 /* taxi.png */ = {isa = PBXFileReference; lastKnownFileType = image.png; path = taxi.png; sourceTree = "<group>"; };
		8DAF3AC61925394D00205907 /* ambulancia2.png */ = {isa = PBXFileReference; lastKnownFileType = image.png; path = ambulancia2.png; sourceTree = "<group>"; };
		8DAF3AC71925394D00205907 /* clipboard.png */ = {isa = PBXFileReference; lastKnownFileType = image.png; path = clipboard.png; sourceTree = "<group>"; };
		8DAF3AC81925394D00205907 /* contact.png */ = {isa = PBXFileReference; lastKnownFileType = image.png; path = contact.png; sourceTree = "<group>"; };
		8DAF3AC91925394D00205907 /* phone.png */ = {isa = PBXFileReference; lastKnownFileType = image.png; path = phone.png; sourceTree = "<group>"; };
		8DAF3ACE1925397500205907 /* hospital.png */ = {isa = PBXFileReference; lastKnownFileType = image.png; path = hospital.png; sourceTree = "<group>"; };
		8DAF3AD5192BBD5100205907 /* first_run.png */ = {isa = PBXFileReference; lastKnownFileType = image.png; path = first_run.png; sourceTree = "<group>"; };
		8DAF3AD9192BD69600205907 /* first_run-2.png */ = {isa = PBXFileReference; lastKnownFileType = image.png; path = "first_run-2.png"; sourceTree = "<group>"; };
		8DAF3ADB192BE38800205907 /* power.png */ = {isa = PBXFileReference; lastKnownFileType = image.png; path = power.png; sourceTree = "<group>"; };
		8DB3C585191A9C4F003E2719 /* Reachability.h */ = {isa = PBXFileReference; fileEncoding = 4; lastKnownFileType = sourcecode.c.h; path = Reachability.h; sourceTree = "<group>"; };
		8DB3C586191A9C4F003E2719 /* Reachability.m */ = {isa = PBXFileReference; fileEncoding = 4; lastKnownFileType = sourcecode.c.objc; path = Reachability.m; sourceTree = "<group>"; };
		8DB3C58E191AA99D003E2719 /* QuartzCore.framework */ = {isa = PBXFileReference; lastKnownFileType = wrapper.framework; name = QuartzCore.framework; path = System/Library/Frameworks/QuartzCore.framework; sourceTree = SDKROOT; };
		8DC070B7191969CD00A65B01 /* SystemConfiguration.framework */ = {isa = PBXFileReference; lastKnownFileType = wrapper.framework; name = SystemConfiguration.framework; path = System/Library/Frameworks/SystemConfiguration.framework; sourceTree = SDKROOT; };
		8DDA2CA018AA98B500EE6295 /* teste.png */ = {isa = PBXFileReference; lastKnownFileType = image.png; path = teste.png; sourceTree = "<group>"; };
		B11E602A192D159200D9D855 /* DCCustomCallout.h */ = {isa = PBXFileReference; fileEncoding = 4; lastKnownFileType = sourcecode.c.h; path = DCCustomCallout.h; sourceTree = "<group>"; };
		B11E6030192D31C700D9D855 /* fireman.png */ = {isa = PBXFileReference; lastKnownFileType = image.png; path = fireman.png; sourceTree = "<group>"; };
		B11E6032192D31CF00D9D855 /* police.png */ = {isa = PBXFileReference; lastKnownFileType = image.png; path = police.png; sourceTree = "<group>"; };
		B11E6034192D339400D9D855 /* picture-512.png */ = {isa = PBXFileReference; lastKnownFileType = image.png; path = "picture-512.png"; sourceTree = "<group>"; };
		B11E6036192D33D400D9D855 /* user_male3-512.png */ = {isa = PBXFileReference; lastKnownFileType = image.png; path = "user_male3-512.png"; sourceTree = "<group>"; };
		B132D9A7192BDC03008B5180 /* callout.png */ = {isa = PBXFileReference; lastKnownFileType = image.png; path = callout.png; sourceTree = "<group>"; };
		B132D9AA192D0C4C008B5180 /* DCCustomCallout.m */ = {isa = PBXFileReference; fileEncoding = 4; lastKnownFileType = sourcecode.c.objc; path = DCCustomCallout.m; sourceTree = "<group>"; };
		B167467718B67EAD0063E631 /* KeychainItemWrapper.h */ = {isa = PBXFileReference; fileEncoding = 4; lastKnownFileType = sourcecode.c.h; path = KeychainItemWrapper.h; sourceTree = "<group>"; };
		B167467818B67EAD0063E631 /* KeychainItemWrapper.m */ = {isa = PBXFileReference; fileEncoding = 4; lastKnownFileType = sourcecode.c.objc; path = KeychainItemWrapper.m; sourceTree = "<group>"; };
		B185CA1B18A157E000EE2CCE /* DCContatosViewController.h */ = {isa = PBXFileReference; fileEncoding = 4; lastKnownFileType = sourcecode.c.h; path = DCContatosViewController.h; sourceTree = "<group>"; };
		B185CA1C18A157E000EE2CCE /* DCContatosViewController.m */ = {isa = PBXFileReference; fileEncoding = 4; lastKnownFileType = sourcecode.c.objc; path = DCContatosViewController.m; sourceTree = "<group>"; };
		B185CA1E18A15BC800EE2CCE /* DCContatos.h */ = {isa = PBXFileReference; fileEncoding = 4; lastKnownFileType = sourcecode.c.h; path = DCContatos.h; sourceTree = "<group>"; };
		B185CA1F18A15BC800EE2CCE /* DCContatos.m */ = {isa = PBXFileReference; fileEncoding = 4; lastKnownFileType = sourcecode.c.objc; path = DCContatos.m; sourceTree = "<group>"; };
		B185CA2118A29CAC00EE2CCE /* DCNovoContatoViewController.h */ = {isa = PBXFileReference; fileEncoding = 4; lastKnownFileType = sourcecode.c.h; path = DCNovoContatoViewController.h; sourceTree = "<group>"; };
		B185CA2218A29CAC00EE2CCE /* DCNovoContatoViewController.m */ = {isa = PBXFileReference; fileEncoding = 4; lastKnownFileType = sourcecode.c.objc; path = DCNovoContatoViewController.m; sourceTree = "<group>"; };
		B1E3BF6819229A1B00FD10BF /* detail.png */ = {isa = PBXFileReference; lastKnownFileType = image.png; path = detail.png; sourceTree = "<group>"; };
		B1E3BF6D19253E5B00FD10BF /* DCDetalhesHospitalTableViewController.h */ = {isa = PBXFileReference; fileEncoding = 4; lastKnownFileType = sourcecode.c.h; name = DCDetalhesHospitalTableViewController.h; path = ../DCDetalhesHospitalTableViewController.h; sourceTree = "<group>"; };
		B1E3BF6E19253E5B00FD10BF /* DCDetalhesHospitalTableViewController.m */ = {isa = PBXFileReference; fileEncoding = 4; lastKnownFileType = sourcecode.c.objc; name = DCDetalhesHospitalTableViewController.m; path = ../DCDetalhesHospitalTableViewController.m; sourceTree = "<group>"; };
		DDA969371892C43F00CBAB0D /* DCEmergenciaViewController.h */ = {isa = PBXFileReference; fileEncoding = 4; lastKnownFileType = sourcecode.c.h; path = DCEmergenciaViewController.h; sourceTree = "<group>"; };
		DDA969381892C43F00CBAB0D /* DCEmergenciaViewController.m */ = {isa = PBXFileReference; fileEncoding = 4; lastKnownFileType = sourcecode.c.objc; path = DCEmergenciaViewController.m; sourceTree = "<group>"; };
		DDA9693A1892C8A600CBAB0D /* DCAtendimentoEmergenciaViewController.h */ = {isa = PBXFileReference; fileEncoding = 4; lastKnownFileType = sourcecode.c.h; path = DCAtendimentoEmergenciaViewController.h; sourceTree = "<group>"; };
		DDA9693B1892C8A600CBAB0D /* DCAtendimentoEmergenciaViewController.m */ = {isa = PBXFileReference; fileEncoding = 4; lastKnownFileType = sourcecode.c.objc; path = DCAtendimentoEmergenciaViewController.m; sourceTree = "<group>"; };
		DDA9693E1896BA1E00CBAB0D /* DCEmergencia.h */ = {isa = PBXFileReference; fileEncoding = 4; lastKnownFileType = sourcecode.c.h; path = DCEmergencia.h; sourceTree = "<group>"; };
		DDA9693F1896BA1E00CBAB0D /* DCEmergencia.m */ = {isa = PBXFileReference; fileEncoding = 4; lastKnownFileType = sourcecode.c.objc; path = DCEmergencia.m; sourceTree = "<group>"; };
		DDC969C21891742B00A3CEC7 /* Emergencia.app */ = {isa = PBXFileReference; explicitFileType = wrapper.application; includeInIndex = 0; path = Emergencia.app; sourceTree = BUILT_PRODUCTS_DIR; };
		DDC969C51891742B00A3CEC7 /* Foundation.framework */ = {isa = PBXFileReference; lastKnownFileType = wrapper.framework; name = Foundation.framework; path = System/Library/Frameworks/Foundation.framework; sourceTree = SDKROOT; };
		DDC969C71891742B00A3CEC7 /* CoreGraphics.framework */ = {isa = PBXFileReference; lastKnownFileType = wrapper.framework; name = CoreGraphics.framework; path = System/Library/Frameworks/CoreGraphics.framework; sourceTree = SDKROOT; };
		DDC969C91891742B00A3CEC7 /* UIKit.framework */ = {isa = PBXFileReference; lastKnownFileType = wrapper.framework; name = UIKit.framework; path = System/Library/Frameworks/UIKit.framework; sourceTree = SDKROOT; };
		DDC969CD1891742B00A3CEC7 /* Emergencia-Info.plist */ = {isa = PBXFileReference; lastKnownFileType = text.plist.xml; path = "Emergencia-Info.plist"; sourceTree = "<group>"; };
		DDC969CF1891742B00A3CEC7 /* en */ = {isa = PBXFileReference; lastKnownFileType = text.plist.strings; name = en; path = en.lproj/InfoPlist.strings; sourceTree = "<group>"; };
		DDC969D11891742B00A3CEC7 /* main.m */ = {isa = PBXFileReference; lastKnownFileType = sourcecode.c.objc; path = main.m; sourceTree = "<group>"; };
		DDC969D31891742B00A3CEC7 /* Emergencia-Prefix.pch */ = {isa = PBXFileReference; lastKnownFileType = sourcecode.c.h; path = "Emergencia-Prefix.pch"; sourceTree = "<group>"; };
		DDC969D41891742B00A3CEC7 /* DCAppDelegate.h */ = {isa = PBXFileReference; lastKnownFileType = sourcecode.c.h; path = DCAppDelegate.h; sourceTree = "<group>"; };
		DDC969D51891742B00A3CEC7 /* DCAppDelegate.m */ = {isa = PBXFileReference; lastKnownFileType = sourcecode.c.objc; path = DCAppDelegate.m; sourceTree = "<group>"; };
		DDC969D81891742B00A3CEC7 /* Base */ = {isa = PBXFileReference; lastKnownFileType = file.storyboard; name = Base; path = Base.lproj/Main.storyboard; sourceTree = "<group>"; };
		DDC969DA1891742B00A3CEC7 /* DCLoginViewController.h */ = {isa = PBXFileReference; lastKnownFileType = sourcecode.c.h; path = DCLoginViewController.h; sourceTree = "<group>"; };
		DDC969DB1891742B00A3CEC7 /* DCLoginViewController.m */ = {isa = PBXFileReference; lastKnownFileType = sourcecode.c.objc; path = DCLoginViewController.m; sourceTree = "<group>"; };
		DDC969DD1891742B00A3CEC7 /* Images.xcassets */ = {isa = PBXFileReference; lastKnownFileType = folder.assetcatalog; path = Images.xcassets; sourceTree = "<group>"; };
		DDC969E31891742B00A3CEC7 /* EmergenciaTests.xctest */ = {isa = PBXFileReference; explicitFileType = wrapper.cfbundle; includeInIndex = 0; path = EmergenciaTests.xctest; sourceTree = BUILT_PRODUCTS_DIR; };
		DDC969E41891742B00A3CEC7 /* XCTest.framework */ = {isa = PBXFileReference; lastKnownFileType = wrapper.framework; name = XCTest.framework; path = Library/Frameworks/XCTest.framework; sourceTree = DEVELOPER_DIR; };
		DDC969EC1891742B00A3CEC7 /* EmergenciaTests-Info.plist */ = {isa = PBXFileReference; lastKnownFileType = text.plist.xml; path = "EmergenciaTests-Info.plist"; sourceTree = "<group>"; };
		DDC969EE1891742B00A3CEC7 /* en */ = {isa = PBXFileReference; lastKnownFileType = text.plist.strings; name = en; path = en.lproj/InfoPlist.strings; sourceTree = "<group>"; };
		DDC969F01891742B00A3CEC7 /* DoacoesTests.m */ = {isa = PBXFileReference; lastKnownFileType = sourcecode.c.objc; path = DoacoesTests.m; sourceTree = "<group>"; };
		DDC969FA18917C7D00A3CEC7 /* DCCadastroViewController.h */ = {isa = PBXFileReference; fileEncoding = 4; lastKnownFileType = sourcecode.c.h; path = DCCadastroViewController.h; sourceTree = "<group>"; };
		DDC969FB18917C7D00A3CEC7 /* DCCadastroViewController.m */ = {isa = PBXFileReference; fileEncoding = 4; lastKnownFileType = sourcecode.c.objc; path = DCCadastroViewController.m; sourceTree = "<group>"; };
		DDC969FD18917CB600A3CEC7 /* DCInicialViewController.h */ = {isa = PBXFileReference; fileEncoding = 4; lastKnownFileType = sourcecode.c.h; path = DCInicialViewController.h; sourceTree = "<group>"; };
		DDC969FE18917CB600A3CEC7 /* DCInicialViewController.m */ = {isa = PBXFileReference; fileEncoding = 4; lastKnownFileType = sourcecode.c.objc; path = DCInicialViewController.m; sourceTree = "<group>"; };
		DDC96A01189181BB00A3CEC7 /* MapKit.framework */ = {isa = PBXFileReference; lastKnownFileType = wrapper.framework; name = MapKit.framework; path = System/Library/Frameworks/MapKit.framework; sourceTree = SDKROOT; };
/* End PBXFileReference section */

/* Begin PBXFrameworksBuildPhase section */
		DDC969BF1891742B00A3CEC7 /* Frameworks */ = {
			isa = PBXFrameworksBuildPhase;
			buildActionMask = 2147483647;
			files = (
				8DB3C58F191AA99D003E2719 /* QuartzCore.framework in Frameworks */,
				8DC070B8191969CD00A65B01 /* SystemConfiguration.framework in Frameworks */,
				8D2F94E418A2A89A000448EC /* MessageUI.framework in Frameworks */,
				DDC96A02189181BB00A3CEC7 /* MapKit.framework in Frameworks */,
				DDC969C81891742B00A3CEC7 /* CoreGraphics.framework in Frameworks */,
				DDC969CA1891742B00A3CEC7 /* UIKit.framework in Frameworks */,
				DDC969C61891742B00A3CEC7 /* Foundation.framework in Frameworks */,
			);
			runOnlyForDeploymentPostprocessing = 0;
		};
		DDC969E01891742B00A3CEC7 /* Frameworks */ = {
			isa = PBXFrameworksBuildPhase;
			buildActionMask = 2147483647;
			files = (
				DDC969E51891742B00A3CEC7 /* XCTest.framework in Frameworks */,
				DDC969E71891742B00A3CEC7 /* UIKit.framework in Frameworks */,
				DDC969E61891742B00A3CEC7 /* Foundation.framework in Frameworks */,
			);
			runOnlyForDeploymentPostprocessing = 0;
		};
/* End PBXFrameworksBuildPhase section */

/* Begin PBXGroup section */
		8DACCB75191C01DD0026D75D /* SlideMenu */ = {
			isa = PBXGroup;
			children = (
				8DACCB99191C02450026D75D /* VC */,
				8DACCB88191C02320026D75D /* Animations */,
			);
			name = SlideMenu;
			sourceTree = "<group>";
		};
		8DACCB88191C02320026D75D /* Animations */ = {
			isa = PBXGroup;
			children = (
				8DACCB89191C02400026D75D /* SlideNavigationContorllerAnimatorSlide.h */,
				8DACCB8A191C02400026D75D /* SlideNavigationContorllerAnimatorSlide.m */,
				8DACCB8B191C02400026D75D /* SlideNavigationContorllerAnimatorFade.h */,
				8DACCB8C191C02400026D75D /* SlideNavigationContorllerAnimatorFade.m */,
				8DACCB8D191C02400026D75D /* SlideNavigationContorllerAnimatorSlideAndFade.h */,
				8DACCB8E191C02400026D75D /* SlideNavigationContorllerAnimatorSlideAndFade.m */,
				8DACCB8F191C02400026D75D /* SlideNavigationContorllerAnimatorScale.h */,
				8DACCB90191C02400026D75D /* SlideNavigationContorllerAnimatorScale.m */,
				8DACCB91191C02400026D75D /* SlideNavigationContorllerAnimatorScaleAndFade.h */,
				8DACCB92191C02400026D75D /* SlideNavigationContorllerAnimatorScaleAndFade.m */,
				8DACCB93191C02400026D75D /* SlideNavigationContorllerAnimator.h */,
			);
			name = Animations;
			sourceTree = "<group>";
		};
		8DACCB99191C02450026D75D /* VC */ = {
			isa = PBXGroup;
			children = (
				8DACCB9A191C025F0026D75D /* SlideNavigationController.h */,
				8DACCB9B191C025F0026D75D /* SlideNavigationController.m */,
				8DACCB76191C02070026D75D /* LeftMenuViewController.h */,
				8DACCB77191C02070026D75D /* LeftMenuViewController.m */,
				8DACCB78191C02070026D75D /* RightMenuViewController.h */,
				8DACCB79191C02070026D75D /* RightMenuViewController.m */,
				8DACCB7A191C02070026D75D /* HomeViewController.h */,
				8DACCB7B191C02070026D75D /* HomeViewController.m */,
				8DACCB7C191C02070026D75D /* FriendsViewController.h */,
				8DACCB7D191C02070026D75D /* FriendsViewController.m */,
				8DACCB7E191C02070026D75D /* ProfileViewController.h */,
				8DACCB7F191C02070026D75D /* ProfileViewController.m */,
				8DACCB80191C02070026D75D /* ProfileDetailViewController.h */,
				8DACCB81191C02070026D75D /* ProfileDetailViewController.m */,
			);
			name = VC;
			sourceTree = "<group>";
		};
		8DAF3AB3192519DF00205907 /* Imagens */ = {
			isa = PBXGroup;
			children = (
				B11E6030192D31C700D9D855 /* fireman.png */,
				8DAF3ADB192BE38800205907 /* power.png */,
				8DAF3AD9192BD69600205907 /* first_run-2.png */,
				8DAF3AD5192BBD5100205907 /* first_run.png */,
				8DAF3AC61925394D00205907 /* ambulancia2.png */,
				8DAF3ACE1925397500205907 /* hospital.png */,
				8DAF3AC71925394D00205907 /* clipboard.png */,
				B11E6036192D33D400D9D855 /* user_male3-512.png */,
				B11E6034192D339400D9D855 /* picture-512.png */,
				8DAF3AC81925394D00205907 /* contact.png */,
				B11E6032192D31CF00D9D855 /* police.png */,
				8DAF3AC91925394D00205907 /* phone.png */,
				8D1724AA18ABF4DA00E18006 /* you-make-me-hurt.png */,
				8DAF3AAD1922B03000205907 /* ambulancia.png */,
				8DAF3AB11922B47F00205907 /* taxi.png */,
				8DAF3AAB1922AA8300205907 /* background.png */,
				8DACCBA5191C189F0026D75D /* leftMenu.jpg */,
				8DAF3AA41922887200205907 /* validar.png */,
				8DDA2CA018AA98B500EE6295 /* teste.png */,
				8D18E5B7189FF726003466C6 /* home_ico_dica_carro.png */,
			);
			name = Imagens;
			sourceTree = "<group>";
		};
		DDA9693D1896B9E600CBAB0D /* Model */ = {
			isa = PBXGroup;
			children = (
				B167467718B67EAD0063E631 /* KeychainItemWrapper.h */,
				B167467818B67EAD0063E631 /* KeychainItemWrapper.m */,
				0BD2E2A91899700800B78E51 /* DCPosto.h */,
				0BD2E2AA1899700800B78E51 /* DCPosto.m */,
				DDA9693E1896BA1E00CBAB0D /* DCEmergencia.h */,
				DDA9693F1896BA1E00CBAB0D /* DCEmergencia.m */,
				B11E602A192D159200D9D855 /* DCCustomCallout.h */,
				B132D9AA192D0C4C008B5180 /* DCCustomCallout.m */,
				0B535AE51896D14A007CB773 /* DCConfigs.h */,
				0B535AE61896D14A007CB773 /* DCConfigs.m */,
				B185CA1E18A15BC800EE2CCE /* DCContatos.h */,
				B185CA1F18A15BC800EE2CCE /* DCContatos.m */,
				8DACCB75191C01DD0026D75D /* SlideMenu */,
			);
			name = Model;
			sourceTree = "<group>";
		};
		DDC969B91891742B00A3CEC7 = {
			isa = PBXGroup;
			children = (
				0B39E54918CA45D600820716 /* TLAlertView.h */,
				0B39E54A18CA45D600820716 /* TLAlertView.m */,
				DDC969CB1891742B00A3CEC7 /* Emergencia */,
				DDC969EA1891742B00A3CEC7 /* EmergenciaTests */,
				DDC969C41891742B00A3CEC7 /* Frameworks */,
				DDC969C31891742B00A3CEC7 /* Products */,
			);
			sourceTree = "<group>";
		};
		DDC969C31891742B00A3CEC7 /* Products */ = {
			isa = PBXGroup;
			children = (
				DDC969C21891742B00A3CEC7 /* Emergencia.app */,
				DDC969E31891742B00A3CEC7 /* EmergenciaTests.xctest */,
			);
			name = Products;
			sourceTree = "<group>";
		};
		DDC969C41891742B00A3CEC7 /* Frameworks */ = {
			isa = PBXGroup;
			children = (
				8DB3C58E191AA99D003E2719 /* QuartzCore.framework */,
				8DC070B7191969CD00A65B01 /* SystemConfiguration.framework */,
				8D2F94E318A2A89A000448EC /* MessageUI.framework */,
				DDC96A01189181BB00A3CEC7 /* MapKit.framework */,
				DDC969C51891742B00A3CEC7 /* Foundation.framework */,
				DDC969C71891742B00A3CEC7 /* CoreGraphics.framework */,
				DDC969C91891742B00A3CEC7 /* UIKit.framework */,
				DDC969E41891742B00A3CEC7 /* XCTest.framework */,
			);
			name = Frameworks;
			sourceTree = "<group>";
		};
		DDC969CB1891742B00A3CEC7 /* Emergencia */ = {
			isa = PBXGroup;
			children = (
				8DAF3AB3192519DF00205907 /* Imagens */,
				DDA9693D1896B9E600CBAB0D /* Model */,
				DDC96A0018917DEA00A3CEC7 /* ViewController */,
				8DAAD2ED18A515690064683F /* Icon.png */,
				8DAAD2E318A511120064683F /* Icon-settings.png */,
				DDC969D41891742B00A3CEC7 /* DCAppDelegate.h */,
				B1E3BF6819229A1B00FD10BF /* detail.png */,
				B132D9A7192BDC03008B5180 /* callout.png */,
				DDC969D51891742B00A3CEC7 /* DCAppDelegate.m */,
				DDC969D71891742B00A3CEC7 /* Main.storyboard */,
				DDC969DD1891742B00A3CEC7 /* Images.xcassets */,
				DDC969CC1891742B00A3CEC7 /* Supporting Files */,
			);
			path = Emergencia;
			sourceTree = "<group>";
		};
		DDC969CC1891742B00A3CEC7 /* Supporting Files */ = {
			isa = PBXGroup;
			children = (
				0B535B221896D8FA007CB773 /* ip.txt */,
				DDC969CD1891742B00A3CEC7 /* Emergencia-Info.plist */,
				DDC969CE1891742B00A3CEC7 /* InfoPlist.strings */,
				DDC969D11891742B00A3CEC7 /* main.m */,
				DDC969D31891742B00A3CEC7 /* Emergencia-Prefix.pch */,
			);
			name = "Supporting Files";
			sourceTree = "<group>";
		};
		DDC969EA1891742B00A3CEC7 /* EmergenciaTests */ = {
			isa = PBXGroup;
			children = (
				DDC969F01891742B00A3CEC7 /* DoacoesTests.m */,
				DDC969EB1891742B00A3CEC7 /* Supporting Files */,
			);
			path = EmergenciaTests;
			sourceTree = "<group>";
		};
		DDC969EB1891742B00A3CEC7 /* Supporting Files */ = {
			isa = PBXGroup;
			children = (
				DDC969EC1891742B00A3CEC7 /* EmergenciaTests-Info.plist */,
				DDC969ED1891742B00A3CEC7 /* InfoPlist.strings */,
			);
			name = "Supporting Files";
			sourceTree = "<group>";
		};
		DDC96A0018917DEA00A3CEC7 /* ViewController */ = {
			isa = PBXGroup;
			children = (
				8DB3C585191A9C4F003E2719 /* Reachability.h */,
				8DB3C586191A9C4F003E2719 /* Reachability.m */,
				8D6D4F9618CA42B7007C361C /* DCNovoHospitalViewController.h */,
				8D6D4F9718CA42B7007C361C /* DCNovoHospitalViewController.m */,
				8D9AC566190807F500377B75 /* DCConfirmaViewController.h */,
				8D9AC567190807F500377B75 /* DCConfirmaViewController.m */,
				B185CA2118A29CAC00EE2CCE /* DCNovoContatoViewController.h */,
				B185CA2218A29CAC00EE2CCE /* DCNovoContatoViewController.m */,
				DDA9693A1892C8A600CBAB0D /* DCAtendimentoEmergenciaViewController.h */,
				B1E3BF6D19253E5B00FD10BF /* DCDetalhesHospitalTableViewController.h */,
				B1E3BF6E19253E5B00FD10BF /* DCDetalhesHospitalTableViewController.m */,
				DDA9693B1892C8A600CBAB0D /* DCAtendimentoEmergenciaViewController.m */,
				DDA969371892C43F00CBAB0D /* DCEmergenciaViewController.h */,
				DDA969381892C43F00CBAB0D /* DCEmergenciaViewController.m */,
				B185CA1B18A157E000EE2CCE /* DCContatosViewController.h */,
				B185CA1C18A157E000EE2CCE /* DCContatosViewController.m */,
				8D3C1D5F18996E2500FED19E /* DCMapasViewController.h */,
				8D3C1D6018996E2500FED19E /* DCMapasViewController.m */,
				DDC969FD18917CB600A3CEC7 /* DCInicialViewController.h */,
				DDC969FE18917CB600A3CEC7 /* DCInicialViewController.m */,
				DDC969FA18917C7D00A3CEC7 /* DCCadastroViewController.h */,
				DDC969FB18917C7D00A3CEC7 /* DCCadastroViewController.m */,
				DDC969DA1891742B00A3CEC7 /* DCLoginViewController.h */,
				DDC969DB1891742B00A3CEC7 /* DCLoginViewController.m */,
				8DACCBA2191C171E0026D75D /* DCLeftMenuViewController.h */,
				8DACCBA3191C171E0026D75D /* DCLeftMenuViewController.m */,
				0B143C52192130CC006A9169 /* DCProfileViewController.h */,
				0B143C53192130CC006A9169 /* DCProfileViewController.m */,
				8DAF3A9D19214E1E00205907 /* DCNumerosViewController.h */,
				8DAF3A9E19214E1E00205907 /* DCNumerosViewController.m */,
			);
			name = ViewController;
			sourceTree = "<group>";
		};
/* End PBXGroup section */

/* Begin PBXNativeTarget section */
		DDC969C11891742B00A3CEC7 /* Emergencia */ = {
			isa = PBXNativeTarget;
			buildConfigurationList = DDC969F41891742B00A3CEC7 /* Build configuration list for PBXNativeTarget "Emergencia" */;
			buildPhases = (
				DDC969BE1891742B00A3CEC7 /* Sources */,
				DDC969BF1891742B00A3CEC7 /* Frameworks */,
				DDC969C01891742B00A3CEC7 /* Resources */,
			);
			buildRules = (
			);
			dependencies = (
			);
			name = Emergencia;
			productName = Doacoes;
			productReference = DDC969C21891742B00A3CEC7 /* Emergencia.app */;
			productType = "com.apple.product-type.application";
		};
		DDC969E21891742B00A3CEC7 /* EmergenciaTests */ = {
			isa = PBXNativeTarget;
			buildConfigurationList = DDC969F71891742B00A3CEC7 /* Build configuration list for PBXNativeTarget "EmergenciaTests" */;
			buildPhases = (
				DDC969DF1891742B00A3CEC7 /* Sources */,
				DDC969E01891742B00A3CEC7 /* Frameworks */,
				DDC969E11891742B00A3CEC7 /* Resources */,
			);
			buildRules = (
			);
			dependencies = (
				DDC969E91891742B00A3CEC7 /* PBXTargetDependency */,
			);
			name = EmergenciaTests;
			productName = DoacoesTests;
			productReference = DDC969E31891742B00A3CEC7 /* EmergenciaTests.xctest */;
			productType = "com.apple.product-type.bundle.unit-test";
		};
/* End PBXNativeTarget section */

/* Begin PBXProject section */
		DDC969BA1891742B00A3CEC7 /* Project object */ = {
			isa = PBXProject;
			attributes = {
				CLASSPREFIX = DC;
				LastUpgradeCheck = 0500;
				ORGANIZATIONNAME = "Acácio Veit Schneider";
				TargetAttributes = {
					DDC969C11891742B00A3CEC7 = {
						DevelopmentTeam = T5N5TT4E82;
					};
					DDC969E21891742B00A3CEC7 = {
						TestTargetID = DDC969C11891742B00A3CEC7;
					};
				};
			};
			buildConfigurationList = DDC969BD1891742B00A3CEC7 /* Build configuration list for PBXProject "Emergencia" */;
			compatibilityVersion = "Xcode 3.2";
			developmentRegion = English;
			hasScannedForEncodings = 0;
			knownRegions = (
				en,
				Base,
			);
			mainGroup = DDC969B91891742B00A3CEC7;
			productRefGroup = DDC969C31891742B00A3CEC7 /* Products */;
			projectDirPath = "";
			projectRoot = "";
			targets = (
				DDC969C11891742B00A3CEC7 /* Emergencia */,
				DDC969E21891742B00A3CEC7 /* EmergenciaTests */,
			);
		};
/* End PBXProject section */

/* Begin PBXResourcesBuildPhase section */
		DDC969C01891742B00A3CEC7 /* Resources */ = {
			isa = PBXResourcesBuildPhase;
			buildActionMask = 2147483647;
			files = (
				8D18E5B8189FF726003466C6 /* home_ico_dica_carro.png in Resources */,
				8DAF3ADA192BD69600205907 /* first_run-2.png in Resources */,
				B11E6037192D33D400D9D855 /* user_male3-512.png in Resources */,
				8DAF3ACA1925394D00205907 /* ambulancia2.png in Resources */,
				8DAF3AA51922887200205907 /* validar.png in Resources */,
				B11E6033192D31CF00D9D855 /* police.png in Resources */,
				8DDA2CA118AA98B600EE6295 /* teste.png in Resources */,
				8DAF3AAC1922AA8300205907 /* background.png in Resources */,
				8D1724AB18ABF4DA00E18006 /* you-make-me-hurt.png in Resources */,
				DDC969DE1891742B00A3CEC7 /* Images.xcassets in Resources */,
				8DAF3ACB1925394D00205907 /* clipboard.png in Resources */,
				8DAAD2EE18A515690064683F /* Icon.png in Resources */,
				B132D9A8192BDC03008B5180 /* callout.png in Resources */,
				8DAF3AAE1922B03000205907 /* ambulancia.png in Resources */,
				B11E6031192D31C700D9D855 /* fireman.png in Resources */,
				0B535B231896D8FA007CB773 /* ip.txt in Resources */,
				B1E3BF6919229A1B00FD10BF /* detail.png in Resources */,
				8DAF3AD6192BBD5100205907 /* first_run.png in Resources */,
				DDC969D01891742B00A3CEC7 /* InfoPlist.strings in Resources */,
				B11E6035192D339400D9D855 /* picture-512.png in Resources */,
				8DAF3ACD1925394D00205907 /* phone.png in Resources */,
				8DAF3AB21922B47F00205907 /* taxi.png in Resources */,
				8DAF3ADC192BE38800205907 /* power.png in Resources */,
				8DAAD2E418A511120064683F /* Icon-settings.png in Resources */,
				8DAF3ACC1925394D00205907 /* contact.png in Resources */,
				DDC969D91891742B00A3CEC7 /* Main.storyboard in Resources */,
				8DACCBA6191C189F0026D75D /* leftMenu.jpg in Resources */,
				8DAF3ACF1925397500205907 /* hospital.png in Resources */,
			);
			runOnlyForDeploymentPostprocessing = 0;
		};
		DDC969E11891742B00A3CEC7 /* Resources */ = {
			isa = PBXResourcesBuildPhase;
			buildActionMask = 2147483647;
			files = (
				DDC969EF1891742B00A3CEC7 /* InfoPlist.strings in Resources */,
			);
			runOnlyForDeploymentPostprocessing = 0;
		};
/* End PBXResourcesBuildPhase section */

/* Begin PBXSourcesBuildPhase section */
		DDC969BE1891742B00A3CEC7 /* Sources */ = {
			isa = PBXSourcesBuildPhase;
			buildActionMask = 2147483647;
			files = (
				8DACCB83191C02070026D75D /* RightMenuViewController.m in Sources */,
				0BD2E2AB1899700800B78E51 /* DCPosto.m in Sources */,
				8DACCBA4191C171E0026D75D /* DCLeftMenuViewController.m in Sources */,
				B132D9AB192D0C4C008B5180 /* DCCustomCallout.m in Sources */,
				0B143C54192130CC006A9169 /* DCProfileViewController.m in Sources */,
				8D6D4F9818CA42B7007C361C /* DCNovoHospitalViewController.m in Sources */,
				8D9AC568190807F500377B75 /* DCConfirmaViewController.m in Sources */,
				8DACCB86191C02070026D75D /* ProfileViewController.m in Sources */,
				DDA969401896BA1E00CBAB0D /* DCEmergencia.m in Sources */,
				8DACCB82191C02070026D75D /* LeftMenuViewController.m in Sources */,
				DDC969FC18917C7D00A3CEC7 /* DCCadastroViewController.m in Sources */,
				0B39E54B18CA45D600820716 /* TLAlertView.m in Sources */,
				0BD2E2A81899663F00B78E51 /* (null) in Sources */,
				8DACCB84191C02070026D75D /* HomeViewController.m in Sources */,
				8D3C1D6118996E2500FED19E /* DCMapasViewController.m in Sources */,
				B1E3BF6F19253E5B00FD10BF /* DCDetalhesHospitalTableViewController.m in Sources */,
				DDA9693C1892C8A600CBAB0D /* DCAtendimentoEmergenciaViewController.m in Sources */,
				8DACCB85191C02070026D75D /* FriendsViewController.m in Sources */,
				DDC969FF18917CB600A3CEC7 /* DCInicialViewController.m in Sources */,
				8DACCB87191C02070026D75D /* ProfileDetailViewController.m in Sources */,
				8DACCB98191C02400026D75D /* SlideNavigationContorllerAnimatorScaleAndFade.m in Sources */,
				8DB3C587191A9C4F003E2719 /* Reachability.m in Sources */,
				B185CA1D18A157E000EE2CCE /* DCContatosViewController.m in Sources */,
				0B535AE71896D14A007CB773 /* DCConfigs.m in Sources */,
				DDC969D21891742B00A3CEC7 /* main.m in Sources */,
				B185CA2318A29CAC00EE2CCE /* DCNovoContatoViewController.m in Sources */,
				8DACCB96191C02400026D75D /* SlideNavigationContorllerAnimatorSlideAndFade.m in Sources */,
				DDC969DC1891742B00A3CEC7 /* DCLoginViewController.m in Sources */,
				8DACCB95191C02400026D75D /* SlideNavigationContorllerAnimatorFade.m in Sources */,
				B185CA2018A15BC800EE2CCE /* DCContatos.m in Sources */,
				8DACCB97191C02400026D75D /* SlideNavigationContorllerAnimatorScale.m in Sources */,
				8DACCB9C191C025F0026D75D /* SlideNavigationController.m in Sources */,
				8DAF3A9F19214E1E00205907 /* DCNumerosViewController.m in Sources */,
				B167467918B67EAD0063E631 /* KeychainItemWrapper.m in Sources */,
				DDC969D61891742B00A3CEC7 /* DCAppDelegate.m in Sources */,
				DDA969391892C43F00CBAB0D /* DCEmergenciaViewController.m in Sources */,
				8DACCB94191C02400026D75D /* SlideNavigationContorllerAnimatorSlide.m in Sources */,
			);
			runOnlyForDeploymentPostprocessing = 0;
		};
		DDC969DF1891742B00A3CEC7 /* Sources */ = {
			isa = PBXSourcesBuildPhase;
			buildActionMask = 2147483647;
			files = (
				DDC969F11891742B00A3CEC7 /* DoacoesTests.m in Sources */,
			);
			runOnlyForDeploymentPostprocessing = 0;
		};
/* End PBXSourcesBuildPhase section */

/* Begin PBXTargetDependency section */
		DDC969E91891742B00A3CEC7 /* PBXTargetDependency */ = {
			isa = PBXTargetDependency;
			target = DDC969C11891742B00A3CEC7 /* Emergencia */;
			targetProxy = DDC969E81891742B00A3CEC7 /* PBXContainerItemProxy */;
		};
/* End PBXTargetDependency section */

/* Begin PBXVariantGroup section */
		DDC969CE1891742B00A3CEC7 /* InfoPlist.strings */ = {
			isa = PBXVariantGroup;
			children = (
				DDC969CF1891742B00A3CEC7 /* en */,
			);
			name = InfoPlist.strings;
			sourceTree = "<group>";
		};
		DDC969D71891742B00A3CEC7 /* Main.storyboard */ = {
			isa = PBXVariantGroup;
			children = (
				DDC969D81891742B00A3CEC7 /* Base */,
			);
			name = Main.storyboard;
			sourceTree = "<group>";
		};
		DDC969ED1891742B00A3CEC7 /* InfoPlist.strings */ = {
			isa = PBXVariantGroup;
			children = (
				DDC969EE1891742B00A3CEC7 /* en */,
			);
			name = InfoPlist.strings;
			sourceTree = "<group>";
		};
/* End PBXVariantGroup section */

/* Begin XCBuildConfiguration section */
		DDC969F21891742B00A3CEC7 /* Debug */ = {
			isa = XCBuildConfiguration;
			buildSettings = {
				ALWAYS_SEARCH_USER_PATHS = NO;
				ARCHS = "$(ARCHS_STANDARD_INCLUDING_64_BIT)";
				CLANG_CXX_LANGUAGE_STANDARD = "gnu++0x";
				CLANG_CXX_LIBRARY = "libc++";
				CLANG_ENABLE_MODULES = YES;
				CLANG_ENABLE_OBJC_ARC = YES;
				CLANG_WARN_BOOL_CONVERSION = YES;
				CLANG_WARN_CONSTANT_CONVERSION = YES;
				CLANG_WARN_DIRECT_OBJC_ISA_USAGE = YES_ERROR;
				CLANG_WARN_EMPTY_BODY = YES;
				CLANG_WARN_ENUM_CONVERSION = YES;
				CLANG_WARN_INT_CONVERSION = YES;
				CLANG_WARN_OBJC_ROOT_CLASS = YES_ERROR;
				CLANG_WARN__DUPLICATE_METHOD_MATCH = YES;
				"CODE_SIGN_IDENTITY[sdk=iphoneos*]" = "iPhone Developer";
				COPY_PHASE_STRIP = NO;
				GCC_C_LANGUAGE_STANDARD = gnu99;
				GCC_DYNAMIC_NO_PIC = NO;
				GCC_OPTIMIZATION_LEVEL = 0;
				GCC_PREPROCESSOR_DEFINITIONS = (
					"DEBUG=1",
					"$(inherited)",
				);
				GCC_SYMBOLS_PRIVATE_EXTERN = NO;
				GCC_WARN_64_TO_32_BIT_CONVERSION = YES;
				GCC_WARN_ABOUT_RETURN_TYPE = YES_ERROR;
				GCC_WARN_UNDECLARED_SELECTOR = YES;
				GCC_WARN_UNINITIALIZED_AUTOS = YES;
				GCC_WARN_UNUSED_FUNCTION = YES;
				GCC_WARN_UNUSED_VARIABLE = YES;
				IPHONEOS_DEPLOYMENT_TARGET = 7.0;
				ONLY_ACTIVE_ARCH = YES;
				SDKROOT = iphoneos;
			};
			name = Debug;
		};
		DDC969F31891742B00A3CEC7 /* Release */ = {
			isa = XCBuildConfiguration;
			buildSettings = {
				ALWAYS_SEARCH_USER_PATHS = NO;
				ARCHS = "$(ARCHS_STANDARD_INCLUDING_64_BIT)";
				CLANG_CXX_LANGUAGE_STANDARD = "gnu++0x";
				CLANG_CXX_LIBRARY = "libc++";
				CLANG_ENABLE_MODULES = YES;
				CLANG_ENABLE_OBJC_ARC = YES;
				CLANG_WARN_BOOL_CONVERSION = YES;
				CLANG_WARN_CONSTANT_CONVERSION = YES;
				CLANG_WARN_DIRECT_OBJC_ISA_USAGE = YES_ERROR;
				CLANG_WARN_EMPTY_BODY = YES;
				CLANG_WARN_ENUM_CONVERSION = YES;
				CLANG_WARN_INT_CONVERSION = YES;
				CLANG_WARN_OBJC_ROOT_CLASS = YES_ERROR;
				CLANG_WARN__DUPLICATE_METHOD_MATCH = YES;
				"CODE_SIGN_IDENTITY[sdk=iphoneos*]" = "iPhone Developer";
				COPY_PHASE_STRIP = YES;
				ENABLE_NS_ASSERTIONS = NO;
				GCC_C_LANGUAGE_STANDARD = gnu99;
				GCC_WARN_64_TO_32_BIT_CONVERSION = YES;
				GCC_WARN_ABOUT_RETURN_TYPE = YES_ERROR;
				GCC_WARN_UNDECLARED_SELECTOR = YES;
				GCC_WARN_UNINITIALIZED_AUTOS = YES;
				GCC_WARN_UNUSED_FUNCTION = YES;
				GCC_WARN_UNUSED_VARIABLE = YES;
				IPHONEOS_DEPLOYMENT_TARGET = 7.0;
				SDKROOT = iphoneos;
				VALIDATE_PRODUCT = YES;
			};
			name = Release;
		};
		DDC969F51891742B00A3CEC7 /* Debug */ = {
			isa = XCBuildConfiguration;
			buildSettings = {
				ASSETCATALOG_COMPILER_APPICON_NAME = AppIcon;
				ASSETCATALOG_COMPILER_LAUNCHIMAGE_NAME = LaunchImage;
				CODE_SIGN_IDENTITY = "iPhone Developer";
				"CODE_SIGN_IDENTITY[sdk=iphoneos*]" = "iPhone Developer: Marcos Sokolowski (PW724VL5XG)";
				GCC_PRECOMPILE_PREFIX_HEADER = YES;
				GCC_PREFIX_HEADER = "Emergencia/Emergencia-Prefix.pch";
				INFOPLIST_FILE = "Emergencia/Emergencia-Info.plist";
				IPHONEOS_DEPLOYMENT_TARGET = 7.0;
				PRODUCT_NAME = Emergencia;
				PROVISIONING_PROFILE = "D5690E9B-E315-4708-B6AF-45D6B7CE0353";
				WRAPPER_EXTENSION = app;
			};
			name = Debug;
		};
		DDC969F61891742B00A3CEC7 /* Release */ = {
			isa = XCBuildConfiguration;
			buildSettings = {
				ASSETCATALOG_COMPILER_APPICON_NAME = AppIcon;
				ASSETCATALOG_COMPILER_LAUNCHIMAGE_NAME = LaunchImage;
				CODE_SIGN_IDENTITY = "iPhone Developer";
				"CODE_SIGN_IDENTITY[sdk=iphoneos*]" = "iPhone Developer: Marcos Sokolowski (PW724VL5XG)";
				GCC_PRECOMPILE_PREFIX_HEADER = YES;
				GCC_PREFIX_HEADER = "Emergencia/Emergencia-Prefix.pch";
				INFOPLIST_FILE = "Emergencia/Emergencia-Info.plist";
				IPHONEOS_DEPLOYMENT_TARGET = 7.0;
				PRODUCT_NAME = Emergencia;
				PROVISIONING_PROFILE = "D5690E9B-E315-4708-B6AF-45D6B7CE0353";
				WRAPPER_EXTENSION = app;
			};
			name = Release;
		};
		DDC969F81891742B00A3CEC7 /* Debug */ = {
			isa = XCBuildConfiguration;
			buildSettings = {
				ARCHS = "$(ARCHS_STANDARD_INCLUDING_64_BIT)";
				BUNDLE_LOADER = "$(BUILT_PRODUCTS_DIR)/Doacoes.app/Doacoes";
				FRAMEWORK_SEARCH_PATHS = (
					"$(SDKROOT)/Developer/Library/Frameworks",
					"$(inherited)",
					"$(DEVELOPER_FRAMEWORKS_DIR)",
				);
				GCC_PRECOMPILE_PREFIX_HEADER = YES;
				GCC_PREFIX_HEADER = "Doacoes/Doacoes-Prefix.pch";
				GCC_PREPROCESSOR_DEFINITIONS = (
					"DEBUG=1",
					"$(inherited)",
				);
				INFOPLIST_FILE = "DoacoesTests/EmergenciaTests-Info.plist";
				PRODUCT_NAME = EmergenciaTests;
				TEST_HOST = "$(BUNDLE_LOADER)";
				WRAPPER_EXTENSION = xctest;
			};
			name = Debug;
		};
		DDC969F91891742B00A3CEC7 /* Release */ = {
			isa = XCBuildConfiguration;
			buildSettings = {
				ARCHS = "$(ARCHS_STANDARD_INCLUDING_64_BIT)";
				BUNDLE_LOADER = "$(BUILT_PRODUCTS_DIR)/Doacoes.app/Doacoes";
				FRAMEWORK_SEARCH_PATHS = (
					"$(SDKROOT)/Developer/Library/Frameworks",
					"$(inherited)",
					"$(DEVELOPER_FRAMEWORKS_DIR)",
				);
				GCC_PRECOMPILE_PREFIX_HEADER = YES;
				GCC_PREFIX_HEADER = "Doacoes/Doacoes-Prefix.pch";
				INFOPLIST_FILE = "DoacoesTests/EmergenciaTests-Info.plist";
				PRODUCT_NAME = EmergenciaTests;
				TEST_HOST = "$(BUNDLE_LOADER)";
				WRAPPER_EXTENSION = xctest;
			};
			name = Release;
		};
/* End XCBuildConfiguration section */

/* Begin XCConfigurationList section */
		DDC969BD1891742B00A3CEC7 /* Build configuration list for PBXProject "Emergencia" */ = {
			isa = XCConfigurationList;
			buildConfigurations = (
				DDC969F21891742B00A3CEC7 /* Debug */,
				DDC969F31891742B00A3CEC7 /* Release */,
			);
			defaultConfigurationIsVisible = 0;
			defaultConfigurationName = Release;
		};
		DDC969F41891742B00A3CEC7 /* Build configuration list for PBXNativeTarget "Emergencia" */ = {
			isa = XCConfigurationList;
			buildConfigurations = (
				DDC969F51891742B00A3CEC7 /* Debug */,
				DDC969F61891742B00A3CEC7 /* Release */,
			);
			defaultConfigurationIsVisible = 0;
			defaultConfigurationName = Release;
		};
		DDC969F71891742B00A3CEC7 /* Build configuration list for PBXNativeTarget "EmergenciaTests" */ = {
			isa = XCConfigurationList;
			buildConfigurations = (
				DDC969F81891742B00A3CEC7 /* Debug */,
				DDC969F91891742B00A3CEC7 /* Release */,
			);
			defaultConfigurationIsVisible = 0;
			defaultConfigurationName = Release;
		};
/* End XCConfigurationList section */
	};
	rootObject = DDC969BA1891742B00A3CEC7 /* Project object */;
}
